
Microsoft Visual Studio Solution File, Format Version 12.00
# Visual Studio Version 16
VisualStudioVersion = 16.0.31424.327
MinimumVisualStudioVersion = 10.0.40219.1
Project("{FAE04EC0-301F-11D3-BF4B-00C04F79EFBC}") = "AnpanOnline", "Server\AnpanOnline\AnpanOnline.csproj", "{7B144FAC-C861-4933-A31C-1E1BC2DB1280}"
EndProject
Global
	GlobalSection(SolutionConfigurationPlatforms) = preSolution
		Debug|Any CPU = Debug|Any CPU
		Release|Any CPU = Release|Any CPU
	EndGlobalSection
	GlobalSection(ProjectConfigurationPlatforms) = postSolution
		{7B144FAC-C861-4933-A31C-1E1BC2DB1280}.Debug|Any CPU.ActiveCfg = Debug|Any CPU
		{7B144FAC-C861-4933-A31C-1E1BC2DB1280}.Debug|Any CPU.Build.0 = Debug|Any CPU
		{7B144FAC-C861-4933-A31C-1E1BC2DB1280}.Release|Any CPU.ActiveCfg = Release|Any CPU
		{7B144FAC-C861-4933-A31C-1E1BC2DB1280}.Release|Any CPU.Build.0 = Release|Any CPU
	EndGlobalSection
	GlobalSection(SolutionProperties) = preSolution
		HideSolutionNode = FALSE
	EndGlobalSection
	GlobalSection(ExtensibilityGlobals) = postSolution
		SolutionGuid = {4A7AF1A1-F94F-416B-A807-C3AB401C7220}
	EndGlobalSection
EndGlobal
