
Microsoft Visual Studio Solution File, Format Version 12.00
# Visual Studio Version 16
VisualStudioVersion = 16.0.31424.327
MinimumVisualStudioVersion = 10.0.40219.1
Project("{FAE04EC0-301F-11D3-BF4B-00C04F79EFBC}") = "ServerInterface", "Server\ServerInterface\ServerInterface.csproj", "{366A1867-38B6-4801-85A1-01D1888230D0}"
EndProject
Project("{FAE04EC0-301F-11D3-BF4B-00C04F79EFBC}") = "ServerCore", "Server\ServerCore\ServerCore.csproj", "{A3FA3874-66CF-4C9E-9A7F-AA0AE669910A}"
EndProject
Global
	GlobalSection(SolutionConfigurationPlatforms) = preSolution
		Debug|Any CPU = Debug|Any CPU
		Release|Any CPU = Release|Any CPU
	EndGlobalSection
	GlobalSection(ProjectConfigurationPlatforms) = postSolution
		{366A1867-38B6-4801-85A1-01D1888230D0}.Debug|Any CPU.ActiveCfg = Debug|Any CPU
		{366A1867-38B6-4801-85A1-01D1888230D0}.Debug|Any CPU.Build.0 = Debug|Any CPU
		{366A1867-38B6-4801-85A1-01D1888230D0}.Release|Any CPU.ActiveCfg = Release|Any CPU
		{366A1867-38B6-4801-85A1-01D1888230D0}.Release|Any CPU.Build.0 = Release|Any CPU
		{A3FA3874-66CF-4C9E-9A7F-AA0AE669910A}.Debug|Any CPU.ActiveCfg = Debug|Any CPU
		{A3FA3874-66CF-4C9E-9A7F-AA0AE669910A}.Debug|Any CPU.Build.0 = Debug|Any CPU
		{A3FA3874-66CF-4C9E-9A7F-AA0AE669910A}.Release|Any CPU.ActiveCfg = Release|Any CPU
		{A3FA3874-66CF-4C9E-9A7F-AA0AE669910A}.Release|Any CPU.Build.0 = Release|Any CPU
	EndGlobalSection
	GlobalSection(SolutionProperties) = preSolution
		HideSolutionNode = FALSE
	EndGlobalSection
	GlobalSection(ExtensibilityGlobals) = postSolution
		SolutionGuid = {4A7AF1A1-F94F-416B-A807-C3AB401C7220}
	EndGlobalSection
EndGlobal
